// !$*UTF8*$!
{
	archiveVersion = 1;
	classes = {
	};
	objectVersion = 56;
	objects = {

/* Begin PBXBuildFile section */
		7B9A11DE2BB0078E0028B9D1 /* violentOx.swift in Sources */ = {isa = PBXBuildFile; fileRef = 7B9A11DD2BB0078E0028B9D1 /* violentOx.swift */; };
		F70F5D8D2BB5ECF0009E2FF1 /* rook.swift in Sources */ = {isa = PBXBuildFile; fileRef = F70F5D8C2BB5ECF0009E2FF1 /* rook.swift */; };
		F70F5D8F2BB5ED46009E2FF1 /* dragonKing.swift in Sources */ = {isa = PBXBuildFile; fileRef = F70F5D8E2BB5ED46009E2FF1 /* dragonKing.swift */; };
		F70F5D912BB60613009E2FF1 /* soaringEagle.swift in Sources */ = {isa = PBXBuildFile; fileRef = F70F5D902BB60613009E2FF1 /* soaringEagle.swift */; };
		F70F5D932BB606BC009E2FF1 /* angryBoar.swift in Sources */ = {isa = PBXBuildFile; fileRef = F70F5D922BB606BC009E2FF1 /* angryBoar.swift */; };
		F70F5D952BB60738009E2FF1 /* bishop.swift in Sources */ = {isa = PBXBuildFile; fileRef = F70F5D942BB60738009E2FF1 /* bishop.swift */; };
		F70F5D972BB608F9009E2FF1 /* dragonHorse.swift in Sources */ = {isa = PBXBuildFile; fileRef = F70F5D962BB608F9009E2FF1 /* dragonHorse.swift */; };
		F70F5D992BB60956009E2FF1 /* hornedFalcon.swift in Sources */ = {isa = PBXBuildFile; fileRef = F70F5D982BB60956009E2FF1 /* hornedFalcon.swift */; };
		F70F5D9B2BB60A34009E2FF1 /* flyingStag.swift in Sources */ = {isa = PBXBuildFile; fileRef = F70F5D9A2BB60A34009E2FF1 /* flyingStag.swift */; };
		F70F5D9D2BB60A90009E2FF1 /* blindTiger.swift in Sources */ = {isa = PBXBuildFile; fileRef = F70F5D9C2BB60A90009E2FF1 /* blindTiger.swift */; };
		F70F5D9F2BB60BC3009E2FF1 /* catSword.swift in Sources */ = {isa = PBXBuildFile; fileRef = F70F5D9E2BB60BC3009E2FF1 /* catSword.swift */; };
		F70F5DA12BB61108009E2FF1 /* copperGeneral.swift in Sources */ = {isa = PBXBuildFile; fileRef = F70F5DA02BB61108009E2FF1 /* copperGeneral.swift */; };
		F70F5DA32BB611EA009E2FF1 /* sideMover.swift in Sources */ = {isa = PBXBuildFile; fileRef = F70F5DA22BB611EA009E2FF1 /* sideMover.swift */; };
		F70F5DA62BB61230009E2FF1 /* freeBoar.swift in Sources */ = {isa = PBXBuildFile; fileRef = F70F5DA52BB61230009E2FF1 /* freeBoar.swift */; };
		F72AAAF52BA221260023E7C7 /* daishogiApp.swift in Sources */ = {isa = PBXBuildFile; fileRef = F72AAAF42BA221260023E7C7 /* daishogiApp.swift */; };
		F72AAAF72BA221260023E7C7 /* ContentView.swift in Sources */ = {isa = PBXBuildFile; fileRef = F72AAAF62BA221260023E7C7 /* ContentView.swift */; };
		F72AAAF92BA2212A0023E7C7 /* Assets.xcassets in Resources */ = {isa = PBXBuildFile; fileRef = F72AAAF82BA2212A0023E7C7 /* Assets.xcassets */; };
		F72AAAFC2BA2212A0023E7C7 /* Preview Assets.xcassets in Resources */ = {isa = PBXBuildFile; fileRef = F72AAAFB2BA2212A0023E7C7 /* Preview Assets.xcassets */; };
		F73D693C2BAD5B2D004F65EF /* chessBoard.swift in Sources */ = {isa = PBXBuildFile; fileRef = F73D693B2BAD5B2D004F65EF /* chessBoard.swift */; };
		F73D693E2BAD5BC3004F65EF /* tileView.swift in Sources */ = {isa = PBXBuildFile; fileRef = F73D693D2BAD5BC3004F65EF /* tileView.swift */; };
		F73D69402BAFDE42004F65EF /* boardState.swift in Sources */ = {isa = PBXBuildFile; fileRef = F73D693F2BAFDE42004F65EF /* boardState.swift */; };
		F73D69422BAFE9AC004F65EF /* pieceStruct.swift in Sources */ = {isa = PBXBuildFile; fileRef = F73D69412BAFE9AC004F65EF /* pieceStruct.swift */; };
		F73D69442BAFF0F2004F65EF /* helperBits.swift in Sources */ = {isa = PBXBuildFile; fileRef = F73D69432BAFF0F2004F65EF /* helperBits.swift */; };
		F73D69462BB4EF02004F65EF /* goldGeneral.swift in Sources */ = {isa = PBXBuildFile; fileRef = F73D69452BB4EF02004F65EF /* goldGeneral.swift */; };
		F7CDE7382BCBA84500AEB2B1 /* pawn.swift in Sources */ = {isa = PBXBuildFile; fileRef = F7CDE7372BCBA84500AEB2B1 /* pawn.swift */; };
		F7CDE73A2BCC475500AEB2B1 /* goBetween.swift in Sources */ = {isa = PBXBuildFile; fileRef = F7CDE7392BCC475500AEB2B1 /* goBetween.swift */; };
		F7CDE73C2BCC47BF00AEB2B1 /* drunkElephant.swift in Sources */ = {isa = PBXBuildFile; fileRef = F7CDE73B2BCC47BF00AEB2B1 /* drunkElephant.swift */; };
		F7CDE73E2BCC481600AEB2B1 /* prince.swift in Sources */ = {isa = PBXBuildFile; fileRef = F7CDE73D2BCC481600AEB2B1 /* prince.swift */; };
		F7CDE7402BCC4B0A00AEB2B1 /* lance.swift in Sources */ = {isa = PBXBuildFile; fileRef = F7CDE73F2BCC4B0A00AEB2B1 /* lance.swift */; };
		F7CDE7422BCC4B8000AEB2B1 /* whiteHorse.swift in Sources */ = {isa = PBXBuildFile; fileRef = F7CDE7412BCC4B8000AEB2B1 /* whiteHorse.swift */; };
		F7CDE7442BCC4C2100AEB2B1 /* knight.swift in Sources */ = {isa = PBXBuildFile; fileRef = F7CDE7432BCC4C2100AEB2B1 /* knight.swift */; };
		F7CDE7462BCC4CB800AEB2B1 /* stoneGeneral.swift in Sources */ = {isa = PBXBuildFile; fileRef = F7CDE7452BCC4CB800AEB2B1 /* stoneGeneral.swift */; };
		F7CDE7482BCC4D3700AEB2B1 /* ironGeneral.swift in Sources */ = {isa = PBXBuildFile; fileRef = F7CDE7472BCC4D3700AEB2B1 /* ironGeneral.swift */; };
		F7CDE74A2BCC5C3B00AEB2B1 /* silverGeneral.swift in Sources */ = {isa = PBXBuildFile; fileRef = F7CDE7492BCC5C3B00AEB2B1 /* silverGeneral.swift */; };
		F7CDE74C2BCC5CE300AEB2B1 /* verticalMover.swift in Sources */ = {isa = PBXBuildFile; fileRef = F7CDE74B2BCC5CE300AEB2B1 /* verticalMover.swift */; };
		F7CDE74E2BCC5E5D00AEB2B1 /* flyingOx.swift in Sources */ = {isa = PBXBuildFile; fileRef = F7CDE74D2BCC5E5D00AEB2B1 /* flyingOx.swift */; };
		F7CDE7502BCC62D100AEB2B1 /* reverseChariot.swift in Sources */ = {isa = PBXBuildFile; fileRef = F7CDE74F2BCC62D100AEB2B1 /* reverseChariot.swift */; };
		F7CDE7522BCC646F00AEB2B1 /* ferociousLeopard.swift in Sources */ = {isa = PBXBuildFile; fileRef = F7CDE7512BCC646F00AEB2B1 /* ferociousLeopard.swift */; };
		F7CDE7542BCC64E600AEB2B1 /* whale.swift in Sources */ = {isa = PBXBuildFile; fileRef = F7CDE7532BCC64E600AEB2B1 /* whale.swift */; };
		F7CDE7562BCC65C100AEB2B1 /* evilWolf.swift in Sources */ = {isa = PBXBuildFile; fileRef = F7CDE7552BCC65C100AEB2B1 /* evilWolf.swift */; };
		F7CDE7582BCC6B6A00AEB2B1 /* phoenix.swift in Sources */ = {isa = PBXBuildFile; fileRef = F7CDE7572BCC6B6A00AEB2B1 /* phoenix.swift */; };
		F7CDE75A2BCC6C6C00AEB2B1 /* lion.swift in Sources */ = {isa = PBXBuildFile; fileRef = F7CDE7592BCC6C6C00AEB2B1 /* lion.swift */; };
		F7CDE75C2BCC6D1300AEB2B1 /* kirin.swift in Sources */ = {isa = PBXBuildFile; fileRef = F7CDE75B2BCC6D1300AEB2B1 /* kirin.swift */; };
		F7CDE75E2BCC6DAD00AEB2B1 /* queen.swift in Sources */ = {isa = PBXBuildFile; fileRef = F7CDE75D2BCC6DAD00AEB2B1 /* queen.swift */; };
		F7CDE7602BCC6FF300AEB2B1 /* flyingDragon.swift in Sources */ = {isa = PBXBuildFile; fileRef = F7CDE75F2BCC6FF300AEB2B1 /* flyingDragon.swift */; };
/* End PBXBuildFile section */

/* Begin PBXFileReference section */
		7B9A11DD2BB0078E0028B9D1 /* violentOx.swift */ = {isa = PBXFileReference; lastKnownFileType = sourcecode.swift; path = violentOx.swift; sourceTree = "<group>"; };
		F70F5D8C2BB5ECF0009E2FF1 /* rook.swift */ = {isa = PBXFileReference; lastKnownFileType = sourcecode.swift; path = rook.swift; sourceTree = "<group>"; };
		F70F5D8E2BB5ED46009E2FF1 /* dragonKing.swift */ = {isa = PBXFileReference; lastKnownFileType = sourcecode.swift; path = dragonKing.swift; sourceTree = "<group>"; };
		F70F5D902BB60613009E2FF1 /* soaringEagle.swift */ = {isa = PBXFileReference; lastKnownFileType = sourcecode.swift; path = soaringEagle.swift; sourceTree = "<group>"; };
		F70F5D922BB606BC009E2FF1 /* angryBoar.swift */ = {isa = PBXFileReference; lastKnownFileType = sourcecode.swift; path = angryBoar.swift; sourceTree = "<group>"; };
		F70F5D942BB60738009E2FF1 /* bishop.swift */ = {isa = PBXFileReference; lastKnownFileType = sourcecode.swift; path = bishop.swift; sourceTree = "<group>"; };
		F70F5D962BB608F9009E2FF1 /* dragonHorse.swift */ = {isa = PBXFileReference; lastKnownFileType = sourcecode.swift; path = dragonHorse.swift; sourceTree = "<group>"; };
		F70F5D982BB60956009E2FF1 /* hornedFalcon.swift */ = {isa = PBXFileReference; lastKnownFileType = sourcecode.swift; path = hornedFalcon.swift; sourceTree = "<group>"; };
		F70F5D9A2BB60A34009E2FF1 /* flyingStag.swift */ = {isa = PBXFileReference; lastKnownFileType = sourcecode.swift; path = flyingStag.swift; sourceTree = "<group>"; };
		F70F5D9C2BB60A90009E2FF1 /* blindTiger.swift */ = {isa = PBXFileReference; lastKnownFileType = sourcecode.swift; path = blindTiger.swift; sourceTree = "<group>"; };
		F70F5D9E2BB60BC3009E2FF1 /* catSword.swift */ = {isa = PBXFileReference; lastKnownFileType = sourcecode.swift; path = catSword.swift; sourceTree = "<group>"; };
		F70F5DA02BB61108009E2FF1 /* copperGeneral.swift */ = {isa = PBXFileReference; lastKnownFileType = sourcecode.swift; path = copperGeneral.swift; sourceTree = "<group>"; };
		F70F5DA22BB611EA009E2FF1 /* sideMover.swift */ = {isa = PBXFileReference; lastKnownFileType = sourcecode.swift; path = sideMover.swift; sourceTree = "<group>"; };
		F70F5DA52BB61230009E2FF1 /* freeBoar.swift */ = {isa = PBXFileReference; lastKnownFileType = sourcecode.swift; path = freeBoar.swift; sourceTree = "<group>"; };
		F72AAAF12BA221260023E7C7 /* daishogi.app */ = {isa = PBXFileReference; explicitFileType = wrapper.application; includeInIndex = 0; path = daishogi.app; sourceTree = BUILT_PRODUCTS_DIR; };
		F72AAAF42BA221260023E7C7 /* daishogiApp.swift */ = {isa = PBXFileReference; lastKnownFileType = sourcecode.swift; path = daishogiApp.swift; sourceTree = "<group>"; };
		F72AAAF62BA221260023E7C7 /* ContentView.swift */ = {isa = PBXFileReference; lastKnownFileType = sourcecode.swift; path = ContentView.swift; sourceTree = "<group>"; };
		F72AAAF82BA2212A0023E7C7 /* Assets.xcassets */ = {isa = PBXFileReference; lastKnownFileType = folder.assetcatalog; path = Assets.xcassets; sourceTree = "<group>"; };
		F72AAAFB2BA2212A0023E7C7 /* Preview Assets.xcassets */ = {isa = PBXFileReference; lastKnownFileType = folder.assetcatalog; path = "Preview Assets.xcassets"; sourceTree = "<group>"; };
		F72AAAFD2BA2212A0023E7C7 /* daishogi.entitlements */ = {isa = PBXFileReference; lastKnownFileType = text.plist.entitlements; path = daishogi.entitlements; sourceTree = "<group>"; };
		F73D693B2BAD5B2D004F65EF /* chessBoard.swift */ = {isa = PBXFileReference; lastKnownFileType = sourcecode.swift; name = chessBoard.swift; path = DaiShogi/chessBoard.swift; sourceTree = SOURCE_ROOT; };
		F73D693D2BAD5BC3004F65EF /* tileView.swift */ = {isa = PBXFileReference; lastKnownFileType = sourcecode.swift; name = tileView.swift; path = DaiShogi/tileView.swift; sourceTree = SOURCE_ROOT; };
		F73D693F2BAFDE42004F65EF /* boardState.swift */ = {isa = PBXFileReference; lastKnownFileType = sourcecode.swift; name = boardState.swift; path = DaiShogi/boardState.swift; sourceTree = SOURCE_ROOT; };
		F73D69412BAFE9AC004F65EF /* pieceStruct.swift */ = {isa = PBXFileReference; lastKnownFileType = sourcecode.swift; name = pieceStruct.swift; path = DaiShogi/pieceStruct.swift; sourceTree = SOURCE_ROOT; };
		F73D69432BAFF0F2004F65EF /* helperBits.swift */ = {isa = PBXFileReference; lastKnownFileType = sourcecode.swift; name = helperBits.swift; path = DaiShogi/helperBits.swift; sourceTree = SOURCE_ROOT; };
		F73D69452BB4EF02004F65EF /* goldGeneral.swift */ = {isa = PBXFileReference; lastKnownFileType = sourcecode.swift; name = goldGeneral.swift; path = DaiShogi/specificPieces/goldGeneral.swift; sourceTree = SOURCE_ROOT; };
		F7CDE7372BCBA84500AEB2B1 /* pawn.swift */ = {isa = PBXFileReference; lastKnownFileType = sourcecode.swift; path = pawn.swift; sourceTree = "<group>"; };
		F7CDE7392BCC475500AEB2B1 /* goBetween.swift */ = {isa = PBXFileReference; lastKnownFileType = sourcecode.swift; path = goBetween.swift; sourceTree = "<group>"; };
		F7CDE73B2BCC47BF00AEB2B1 /* drunkElephant.swift */ = {isa = PBXFileReference; lastKnownFileType = sourcecode.swift; path = drunkElephant.swift; sourceTree = "<group>"; };
		F7CDE73D2BCC481600AEB2B1 /* prince.swift */ = {isa = PBXFileReference; lastKnownFileType = sourcecode.swift; path = prince.swift; sourceTree = "<group>"; };
		F7CDE73F2BCC4B0A00AEB2B1 /* lance.swift */ = {isa = PBXFileReference; lastKnownFileType = sourcecode.swift; path = lance.swift; sourceTree = "<group>"; };
		F7CDE7412BCC4B8000AEB2B1 /* whiteHorse.swift */ = {isa = PBXFileReference; lastKnownFileType = sourcecode.swift; path = whiteHorse.swift; sourceTree = "<group>"; };
		F7CDE7432BCC4C2100AEB2B1 /* knight.swift */ = {isa = PBXFileReference; lastKnownFileType = sourcecode.swift; path = knight.swift; sourceTree = "<group>"; };
		F7CDE7452BCC4CB800AEB2B1 /* stoneGeneral.swift */ = {isa = PBXFileReference; lastKnownFileType = sourcecode.swift; path = stoneGeneral.swift; sourceTree = "<group>"; };
		F7CDE7472BCC4D3700AEB2B1 /* ironGeneral.swift */ = {isa = PBXFileReference; lastKnownFileType = sourcecode.swift; path = ironGeneral.swift; sourceTree = "<group>"; };
		F7CDE7492BCC5C3B00AEB2B1 /* silverGeneral.swift */ = {isa = PBXFileReference; lastKnownFileType = sourcecode.swift; path = silverGeneral.swift; sourceTree = "<group>"; };
		F7CDE74B2BCC5CE300AEB2B1 /* verticalMover.swift */ = {isa = PBXFileReference; lastKnownFileType = sourcecode.swift; path = verticalMover.swift; sourceTree = "<group>"; };
		F7CDE74D2BCC5E5D00AEB2B1 /* flyingOx.swift */ = {isa = PBXFileReference; lastKnownFileType = sourcecode.swift; path = flyingOx.swift; sourceTree = "<group>"; };
		F7CDE74F2BCC62D100AEB2B1 /* reverseChariot.swift */ = {isa = PBXFileReference; lastKnownFileType = sourcecode.swift; path = reverseChariot.swift; sourceTree = "<group>"; };
		F7CDE7512BCC646F00AEB2B1 /* ferociousLeopard.swift */ = {isa = PBXFileReference; lastKnownFileType = sourcecode.swift; path = ferociousLeopard.swift; sourceTree = "<group>"; };
		F7CDE7532BCC64E600AEB2B1 /* whale.swift */ = {isa = PBXFileReference; lastKnownFileType = sourcecode.swift; path = whale.swift; sourceTree = "<group>"; };
		F7CDE7552BCC65C100AEB2B1 /* evilWolf.swift */ = {isa = PBXFileReference; lastKnownFileType = sourcecode.swift; path = evilWolf.swift; sourceTree = "<group>"; };
		F7CDE7572BCC6B6A00AEB2B1 /* phoenix.swift */ = {isa = PBXFileReference; lastKnownFileType = sourcecode.swift; path = phoenix.swift; sourceTree = "<group>"; };
		F7CDE7592BCC6C6C00AEB2B1 /* lion.swift */ = {isa = PBXFileReference; lastKnownFileType = sourcecode.swift; path = lion.swift; sourceTree = "<group>"; };
		F7CDE75B2BCC6D1300AEB2B1 /* kirin.swift */ = {isa = PBXFileReference; lastKnownFileType = sourcecode.swift; path = kirin.swift; sourceTree = "<group>"; };
		F7CDE75D2BCC6DAD00AEB2B1 /* queen.swift */ = {isa = PBXFileReference; lastKnownFileType = sourcecode.swift; path = queen.swift; sourceTree = "<group>"; };
		F7CDE75F2BCC6FF300AEB2B1 /* flyingDragon.swift */ = {isa = PBXFileReference; lastKnownFileType = sourcecode.swift; path = flyingDragon.swift; sourceTree = "<group>"; };
/* End PBXFileReference section */

/* Begin PBXFrameworksBuildPhase section */
		F72AAAEE2BA221260023E7C7 /* Frameworks */ = {
			isa = PBXFrameworksBuildPhase;
			buildActionMask = 2147483647;
			files = (
			);
			runOnlyForDeploymentPostprocessing = 0;
		};
/* End PBXFrameworksBuildPhase section */

/* Begin PBXGroup section */
		7B9A11DC2BB007630028B9D1 /* specificPieces */ = {
			isa = PBXGroup;
			children = (
				F70F5D922BB606BC009E2FF1 /* angryBoar.swift */,
				F70F5D942BB60738009E2FF1 /* bishop.swift */,
				F70F5D9C2BB60A90009E2FF1 /* blindTiger.swift */,
				F70F5D9E2BB60BC3009E2FF1 /* catSword.swift */,
				F70F5DA02BB61108009E2FF1 /* copperGeneral.swift */,
				F70F5D962BB608F9009E2FF1 /* dragonHorse.swift */,
				F7CDE73B2BCC47BF00AEB2B1 /* drunkElephant.swift */,
				F70F5D8E2BB5ED46009E2FF1 /* dragonKing.swift */,
				F7CDE7552BCC65C100AEB2B1 /* evilWolf.swift */,
				F7CDE7512BCC646F00AEB2B1 /* ferociousLeopard.swift */,
				F7CDE75F2BCC6FF300AEB2B1 /* flyingDragon.swift */,
				F7CDE74D2BCC5E5D00AEB2B1 /* flyingOx.swift */,
				F70F5D9A2BB60A34009E2FF1 /* flyingStag.swift */,
				F70F5DA52BB61230009E2FF1 /* freeBoar.swift */,
				F7CDE7392BCC475500AEB2B1 /* goBetween.swift */,
				F73D69452BB4EF02004F65EF /* goldGeneral.swift */,
				F70F5D982BB60956009E2FF1 /* hornedFalcon.swift */,
				F7CDE7432BCC4C2100AEB2B1 /* knight.swift */,
				F7CDE7472BCC4D3700AEB2B1 /* ironGeneral.swift */,
				F7CDE75B2BCC6D1300AEB2B1 /* kirin.swift */,
				F7CDE73F2BCC4B0A00AEB2B1 /* lance.swift */,
				F7CDE7592BCC6C6C00AEB2B1 /* lion.swift */,
				F7CDE7372BCBA84500AEB2B1 /* pawn.swift */,
				F7CDE7572BCC6B6A00AEB2B1 /* phoenix.swift */,
				F7CDE73D2BCC481600AEB2B1 /* prince.swift */,
				F7CDE75D2BCC6DAD00AEB2B1 /* queen.swift */,
				F7CDE74F2BCC62D100AEB2B1 /* reverseChariot.swift */,
				F70F5D8C2BB5ECF0009E2FF1 /* rook.swift */,
				F70F5DA22BB611EA009E2FF1 /* sideMover.swift */,
				F7CDE7492BCC5C3B00AEB2B1 /* silverGeneral.swift */,
				F70F5D902BB60613009E2FF1 /* soaringEagle.swift */,
				F7CDE7452BCC4CB800AEB2B1 /* stoneGeneral.swift */,
				F7CDE74B2BCC5CE300AEB2B1 /* verticalMover.swift */,
				7B9A11DD2BB0078E0028B9D1 /* violentOx.swift */,
				F7CDE7532BCC64E600AEB2B1 /* whale.swift */,
				F7CDE7412BCC4B8000AEB2B1 /* whiteHorse.swift */,
			);
			path = specificPieces;
			sourceTree = "<group>";
		};
		F72AAAE82BA221260023E7C7 = {
			isa = PBXGroup;
			children = (
				F72AAAF32BA221260023E7C7 /* daishogi */,
				F72AAAF22BA221260023E7C7 /* Products */,
			);
			sourceTree = "<group>";
		};
		F72AAAF22BA221260023E7C7 /* Products */ = {
			isa = PBXGroup;
			children = (
				F72AAAF12BA221260023E7C7 /* daishogi.app */,
			);
			name = Products;
			sourceTree = "<group>";
		};
		F72AAAF32BA221260023E7C7 /* daishogi */ = {
			isa = PBXGroup;
			children = (
				F72AAAF42BA221260023E7C7 /* daishogiApp.swift */,
				F72AAAF62BA221260023E7C7 /* ContentView.swift */,
				F73D693B2BAD5B2D004F65EF /* chessBoard.swift */,
				F73D693F2BAFDE42004F65EF /* boardState.swift */,
				F73D69432BAFF0F2004F65EF /* helperBits.swift */,
				F73D693D2BAD5BC3004F65EF /* tileView.swift */,
				F73D69412BAFE9AC004F65EF /* pieceStruct.swift */,
				7B9A11DC2BB007630028B9D1 /* specificPieces */,
				F72AAAFD2BA2212A0023E7C7 /* daishogi.entitlements */,
				F72AAAF82BA2212A0023E7C7 /* Assets.xcassets */,
				F72AAAFA2BA2212A0023E7C7 /* Preview Content */,
			);
			path = daishogi;
			sourceTree = "<group>";
		};
		F72AAAFA2BA2212A0023E7C7 /* Preview Content */ = {
			isa = PBXGroup;
			children = (
				F72AAAFB2BA2212A0023E7C7 /* Preview Assets.xcassets */,
			);
			path = "Preview Content";
			sourceTree = "<group>";
		};
/* End PBXGroup section */

/* Begin PBXNativeTarget section */
		F72AAAF02BA221260023E7C7 /* daishogi */ = {
			isa = PBXNativeTarget;
			buildConfigurationList = F72AAB002BA2212A0023E7C7 /* Build configuration list for PBXNativeTarget "daishogi" */;
			buildPhases = (
				F72AAAED2BA221260023E7C7 /* Sources */,
				F72AAAEE2BA221260023E7C7 /* Frameworks */,
				F72AAAEF2BA221260023E7C7 /* Resources */,
			);
			buildRules = (
			);
			dependencies = (
			);
			name = daishogi;
			productName = daishogi;
			productReference = F72AAAF12BA221260023E7C7 /* daishogi.app */;
			productType = "com.apple.product-type.application";
		};
/* End PBXNativeTarget section */

/* Begin PBXProject section */
		F72AAAE92BA221260023E7C7 /* Project object */ = {
			isa = PBXProject;
			attributes = {
				BuildIndependentTargetsInParallel = 1;
				LastSwiftUpdateCheck = 1500;
				LastUpgradeCheck = 1520;
				TargetAttributes = {
					F72AAAF02BA221260023E7C7 = {
						CreatedOnToolsVersion = 15.0.1;
					};
				};
			};
			buildConfigurationList = F72AAAEC2BA221260023E7C7 /* Build configuration list for PBXProject "daishogi" */;
			compatibilityVersion = "Xcode 14.0";
			developmentRegion = en;
			hasScannedForEncodings = 0;
			knownRegions = (
				en,
				Base,
			);
			mainGroup = F72AAAE82BA221260023E7C7;
			productRefGroup = F72AAAF22BA221260023E7C7 /* Products */;
			projectDirPath = "";
			projectRoot = "";
			targets = (
				F72AAAF02BA221260023E7C7 /* daishogi */,
			);
		};
/* End PBXProject section */

/* Begin PBXResourcesBuildPhase section */
		F72AAAEF2BA221260023E7C7 /* Resources */ = {
			isa = PBXResourcesBuildPhase;
			buildActionMask = 2147483647;
			files = (
				F72AAAFC2BA2212A0023E7C7 /* Preview Assets.xcassets in Resources */,
				F72AAAF92BA2212A0023E7C7 /* Assets.xcassets in Resources */,
			);
			runOnlyForDeploymentPostprocessing = 0;
		};
/* End PBXResourcesBuildPhase section */

/* Begin PBXSourcesBuildPhase section */
		F72AAAED2BA221260023E7C7 /* Sources */ = {
			isa = PBXSourcesBuildPhase;
			buildActionMask = 2147483647;
			files = (
				F7CDE7542BCC64E600AEB2B1 /* whale.swift in Sources */,
				F70F5D992BB60956009E2FF1 /* hornedFalcon.swift in Sources */,
				F7CDE7602BCC6FF300AEB2B1 /* flyingDragon.swift in Sources */,
				F7CDE74A2BCC5C3B00AEB2B1 /* silverGeneral.swift in Sources */,
				F7CDE7422BCC4B8000AEB2B1 /* whiteHorse.swift in Sources */,
				F7CDE74E2BCC5E5D00AEB2B1 /* flyingOx.swift in Sources */,
				F7CDE73C2BCC47BF00AEB2B1 /* drunkElephant.swift in Sources */,
				F70F5DA32BB611EA009E2FF1 /* sideMover.swift in Sources */,
				F70F5DA12BB61108009E2FF1 /* copperGeneral.swift in Sources */,
				F70F5D9B2BB60A34009E2FF1 /* flyingStag.swift in Sources */,
				F70F5D8F2BB5ED46009E2FF1 /* dragonKing.swift in Sources */,
				F70F5DA62BB61230009E2FF1 /* freeBoar.swift in Sources */,
				F7CDE7402BCC4B0A00AEB2B1 /* lance.swift in Sources */,
				F7CDE75E2BCC6DAD00AEB2B1 /* queen.swift in Sources */,
				F70F5D8D2BB5ECF0009E2FF1 /* rook.swift in Sources */,
				F7CDE7582BCC6B6A00AEB2B1 /* phoenix.swift in Sources */,
				F70F5D952BB60738009E2FF1 /* bishop.swift in Sources */,
				F7CDE75A2BCC6C6C00AEB2B1 /* lion.swift in Sources */,
				F72AAAF72BA221260023E7C7 /* ContentView.swift in Sources */,
				F73D69442BAFF0F2004F65EF /* helperBits.swift in Sources */,
				F7CDE7522BCC646F00AEB2B1 /* ferociousLeopard.swift in Sources */,
				F7CDE7482BCC4D3700AEB2B1 /* ironGeneral.swift in Sources */,
				F70F5D9D2BB60A90009E2FF1 /* blindTiger.swift in Sources */,
				F7CDE7442BCC4C2100AEB2B1 /* knight.swift in Sources */,
				7B9A11DE2BB0078E0028B9D1 /* violentOx.swift in Sources */,
				F72AAAF52BA221260023E7C7 /* daishogiApp.swift in Sources */,
				F73D693E2BAD5BC3004F65EF /* tileView.swift in Sources */,
				F73D69402BAFDE42004F65EF /* boardState.swift in Sources */,
				F7CDE7382BCBA84500AEB2B1 /* pawn.swift in Sources */,
				F7CDE75C2BCC6D1300AEB2B1 /* kirin.swift in Sources */,
				F7CDE7502BCC62D100AEB2B1 /* reverseChariot.swift in Sources */,
				F70F5D9F2BB60BC3009E2FF1 /* catSword.swift in Sources */,
				F73D693C2BAD5B2D004F65EF /* chessBoard.swift in Sources */,
				F7CDE7462BCC4CB800AEB2B1 /* stoneGeneral.swift in Sources */,
				F7CDE73A2BCC475500AEB2B1 /* goBetween.swift in Sources */,
				F7CDE73E2BCC481600AEB2B1 /* prince.swift in Sources */,
				F70F5D972BB608F9009E2FF1 /* dragonHorse.swift in Sources */,
				F70F5D932BB606BC009E2FF1 /* angryBoar.swift in Sources */,
				F7CDE7562BCC65C100AEB2B1 /* evilWolf.swift in Sources */,
				F73D69422BAFE9AC004F65EF /* pieceStruct.swift in Sources */,
				F7CDE74C2BCC5CE300AEB2B1 /* verticalMover.swift in Sources */,
				F70F5D912BB60613009E2FF1 /* soaringEagle.swift in Sources */,
				F73D69462BB4EF02004F65EF /* goldGeneral.swift in Sources */,
			);
			runOnlyForDeploymentPostprocessing = 0;
		};
/* End PBXSourcesBuildPhase section */

/* Begin XCBuildConfiguration section */
		F72AAAFE2BA2212A0023E7C7 /* Debug */ = {
			isa = XCBuildConfiguration;
			buildSettings = {
				ALWAYS_SEARCH_USER_PATHS = NO;
				ASSETCATALOG_COMPILER_GENERATE_SWIFT_ASSET_SYMBOL_EXTENSIONS = YES;
				CLANG_ANALYZER_NONNULL = YES;
				CLANG_ANALYZER_NUMBER_OBJECT_CONVERSION = YES_AGGRESSIVE;
				CLANG_CXX_LANGUAGE_STANDARD = "gnu++20";
				CLANG_ENABLE_MODULES = YES;
				CLANG_ENABLE_OBJC_ARC = YES;
				CLANG_ENABLE_OBJC_WEAK = YES;
				CLANG_WARN_BLOCK_CAPTURE_AUTORELEASING = YES;
				CLANG_WARN_BOOL_CONVERSION = YES;
				CLANG_WARN_COMMA = YES;
				CLANG_WARN_CONSTANT_CONVERSION = YES;
				CLANG_WARN_DEPRECATED_OBJC_IMPLEMENTATIONS = YES;
				CLANG_WARN_DIRECT_OBJC_ISA_USAGE = YES_ERROR;
				CLANG_WARN_DOCUMENTATION_COMMENTS = YES;
				CLANG_WARN_EMPTY_BODY = YES;
				CLANG_WARN_ENUM_CONVERSION = YES;
				CLANG_WARN_INFINITE_RECURSION = YES;
				CLANG_WARN_INT_CONVERSION = YES;
				CLANG_WARN_NON_LITERAL_NULL_CONVERSION = YES;
				CLANG_WARN_OBJC_IMPLICIT_RETAIN_SELF = YES;
				CLANG_WARN_OBJC_LITERAL_CONVERSION = YES;
				CLANG_WARN_OBJC_ROOT_CLASS = YES_ERROR;
				CLANG_WARN_QUOTED_INCLUDE_IN_FRAMEWORK_HEADER = YES;
				CLANG_WARN_RANGE_LOOP_ANALYSIS = YES;
				CLANG_WARN_STRICT_PROTOTYPES = YES;
				CLANG_WARN_SUSPICIOUS_MOVE = YES;
				CLANG_WARN_UNGUARDED_AVAILABILITY = YES_AGGRESSIVE;
				CLANG_WARN_UNREACHABLE_CODE = YES;
				CLANG_WARN__DUPLICATE_METHOD_MATCH = YES;
				COPY_PHASE_STRIP = NO;
				DEAD_CODE_STRIPPING = YES;
				DEBUG_INFORMATION_FORMAT = dwarf;
				ENABLE_STRICT_OBJC_MSGSEND = YES;
				ENABLE_TESTABILITY = YES;
				ENABLE_USER_SCRIPT_SANDBOXING = YES;
				GCC_C_LANGUAGE_STANDARD = gnu17;
				GCC_DYNAMIC_NO_PIC = NO;
				GCC_NO_COMMON_BLOCKS = YES;
				GCC_OPTIMIZATION_LEVEL = 0;
				GCC_PREPROCESSOR_DEFINITIONS = (
					"DEBUG=1",
					"$(inherited)",
				);
				GCC_WARN_64_TO_32_BIT_CONVERSION = YES;
				GCC_WARN_ABOUT_RETURN_TYPE = YES_ERROR;
				GCC_WARN_UNDECLARED_SELECTOR = YES;
				GCC_WARN_UNINITIALIZED_AUTOS = YES_AGGRESSIVE;
				GCC_WARN_UNUSED_FUNCTION = YES;
				GCC_WARN_UNUSED_VARIABLE = YES;
				LOCALIZATION_PREFERS_STRING_CATALOGS = YES;
				MACOSX_DEPLOYMENT_TARGET = 13.0;
				MTL_ENABLE_DEBUG_INFO = INCLUDE_SOURCE;
				MTL_FAST_MATH = YES;
				ONLY_ACTIVE_ARCH = YES;
				SDKROOT = macosx;
				SWIFT_ACTIVE_COMPILATION_CONDITIONS = "DEBUG $(inherited)";
				SWIFT_OPTIMIZATION_LEVEL = "-Onone";
			};
			name = Debug;
		};
		F72AAAFF2BA2212A0023E7C7 /* Release */ = {
			isa = XCBuildConfiguration;
			buildSettings = {
				ALWAYS_SEARCH_USER_PATHS = NO;
				ASSETCATALOG_COMPILER_GENERATE_SWIFT_ASSET_SYMBOL_EXTENSIONS = YES;
				CLANG_ANALYZER_NONNULL = YES;
				CLANG_ANALYZER_NUMBER_OBJECT_CONVERSION = YES_AGGRESSIVE;
				CLANG_CXX_LANGUAGE_STANDARD = "gnu++20";
				CLANG_ENABLE_MODULES = YES;
				CLANG_ENABLE_OBJC_ARC = YES;
				CLANG_ENABLE_OBJC_WEAK = YES;
				CLANG_WARN_BLOCK_CAPTURE_AUTORELEASING = YES;
				CLANG_WARN_BOOL_CONVERSION = YES;
				CLANG_WARN_COMMA = YES;
				CLANG_WARN_CONSTANT_CONVERSION = YES;
				CLANG_WARN_DEPRECATED_OBJC_IMPLEMENTATIONS = YES;
				CLANG_WARN_DIRECT_OBJC_ISA_USAGE = YES_ERROR;
				CLANG_WARN_DOCUMENTATION_COMMENTS = YES;
				CLANG_WARN_EMPTY_BODY = YES;
				CLANG_WARN_ENUM_CONVERSION = YES;
				CLANG_WARN_INFINITE_RECURSION = YES;
				CLANG_WARN_INT_CONVERSION = YES;
				CLANG_WARN_NON_LITERAL_NULL_CONVERSION = YES;
				CLANG_WARN_OBJC_IMPLICIT_RETAIN_SELF = YES;
				CLANG_WARN_OBJC_LITERAL_CONVERSION = YES;
				CLANG_WARN_OBJC_ROOT_CLASS = YES_ERROR;
				CLANG_WARN_QUOTED_INCLUDE_IN_FRAMEWORK_HEADER = YES;
				CLANG_WARN_RANGE_LOOP_ANALYSIS = YES;
				CLANG_WARN_STRICT_PROTOTYPES = YES;
				CLANG_WARN_SUSPICIOUS_MOVE = YES;
				CLANG_WARN_UNGUARDED_AVAILABILITY = YES_AGGRESSIVE;
				CLANG_WARN_UNREACHABLE_CODE = YES;
				CLANG_WARN__DUPLICATE_METHOD_MATCH = YES;
				COPY_PHASE_STRIP = NO;
				DEAD_CODE_STRIPPING = YES;
				DEBUG_INFORMATION_FORMAT = "dwarf-with-dsym";
				ENABLE_NS_ASSERTIONS = NO;
				ENABLE_STRICT_OBJC_MSGSEND = YES;
				ENABLE_USER_SCRIPT_SANDBOXING = YES;
				GCC_C_LANGUAGE_STANDARD = gnu17;
				GCC_NO_COMMON_BLOCKS = YES;
				GCC_WARN_64_TO_32_BIT_CONVERSION = YES;
				GCC_WARN_ABOUT_RETURN_TYPE = YES_ERROR;
				GCC_WARN_UNDECLARED_SELECTOR = YES;
				GCC_WARN_UNINITIALIZED_AUTOS = YES_AGGRESSIVE;
				GCC_WARN_UNUSED_FUNCTION = YES;
				GCC_WARN_UNUSED_VARIABLE = YES;
				LOCALIZATION_PREFERS_STRING_CATALOGS = YES;
				MACOSX_DEPLOYMENT_TARGET = 13.0;
				MTL_ENABLE_DEBUG_INFO = NO;
				MTL_FAST_MATH = YES;
				SDKROOT = macosx;
				SWIFT_COMPILATION_MODE = wholemodule;
			};
			name = Release;
		};
		F72AAB012BA2212A0023E7C7 /* Debug */ = {
			isa = XCBuildConfiguration;
			buildSettings = {
				ASSETCATALOG_COMPILER_APPICON_NAME = AppIcon;
				ASSETCATALOG_COMPILER_GLOBAL_ACCENT_COLOR_NAME = AccentColor;
				CODE_SIGN_ENTITLEMENTS = daishogi/daishogi.entitlements;
				"CODE_SIGN_IDENTITY[sdk=macosx*]" = "Apple Development";
				CODE_SIGN_STYLE = Automatic;
				COMBINE_HIDPI_IMAGES = YES;
				CURRENT_PROJECT_VERSION = 1;
				DEAD_CODE_STRIPPING = YES;
				DEVELOPMENT_ASSET_PATHS = "\"daishogi/Preview Content\"";
				DEVELOPMENT_TEAM = A4LWZWFMJ4;
				ENABLE_HARDENED_RUNTIME = YES;
				ENABLE_PREVIEWS = YES;
				GENERATE_INFOPLIST_FILE = YES;
				INFOPLIST_KEY_NSHumanReadableCopyright = "";
				LD_RUNPATH_SEARCH_PATHS = (
					"$(inherited)",
					"@executable_path/../Frameworks",
				);
				MARKETING_VERSION = 1.0;
				PRODUCT_BUNDLE_IDENTIFIER = quibbleProductions.daishogi;
				PRODUCT_NAME = "$(TARGET_NAME)";
				SWIFT_EMIT_LOC_STRINGS = YES;
				SWIFT_VERSION = 5.0;
			};
			name = Debug;
		};
		F72AAB022BA2212A0023E7C7 /* Release */ = {
			isa = XCBuildConfiguration;
			buildSettings = {
				ASSETCATALOG_COMPILER_APPICON_NAME = AppIcon;
				ASSETCATALOG_COMPILER_GLOBAL_ACCENT_COLOR_NAME = AccentColor;
				CODE_SIGN_ENTITLEMENTS = daishogi/daishogi.entitlements;
				"CODE_SIGN_IDENTITY[sdk=macosx*]" = "Apple Development";
				CODE_SIGN_STYLE = Automatic;
				COMBINE_HIDPI_IMAGES = YES;
				CURRENT_PROJECT_VERSION = 1;
				DEAD_CODE_STRIPPING = YES;
				DEVELOPMENT_ASSET_PATHS = "\"daishogi/Preview Content\"";
				DEVELOPMENT_TEAM = A4LWZWFMJ4;
				ENABLE_HARDENED_RUNTIME = YES;
				ENABLE_PREVIEWS = YES;
				GENERATE_INFOPLIST_FILE = YES;
				INFOPLIST_KEY_NSHumanReadableCopyright = "";
				LD_RUNPATH_SEARCH_PATHS = (
					"$(inherited)",
					"@executable_path/../Frameworks",
				);
				MARKETING_VERSION = 1.0;
				PRODUCT_BUNDLE_IDENTIFIER = quibbleProductions.daishogi;
				PRODUCT_NAME = "$(TARGET_NAME)";
				SWIFT_EMIT_LOC_STRINGS = YES;
				SWIFT_VERSION = 5.0;
			};
			name = Release;
		};
/* End XCBuildConfiguration section */

/* Begin XCConfigurationList section */
		F72AAAEC2BA221260023E7C7 /* Build configuration list for PBXProject "daishogi" */ = {
			isa = XCConfigurationList;
			buildConfigurations = (
				F72AAAFE2BA2212A0023E7C7 /* Debug */,
				F72AAAFF2BA2212A0023E7C7 /* Release */,
			);
			defaultConfigurationIsVisible = 0;
			defaultConfigurationName = Release;
		};
		F72AAB002BA2212A0023E7C7 /* Build configuration list for PBXNativeTarget "daishogi" */ = {
			isa = XCConfigurationList;
			buildConfigurations = (
				F72AAB012BA2212A0023E7C7 /* Debug */,
				F72AAB022BA2212A0023E7C7 /* Release */,
			);
			defaultConfigurationIsVisible = 0;
			defaultConfigurationName = Release;
		};
/* End XCConfigurationList section */
	};
	rootObject = F72AAAE92BA221260023E7C7 /* Project object */;
}
